{
  "name": "ChatApp",
  "lockfileVersion": 3,
  "requires": true,
  "packages": {
    "": {
      "dependencies": {
        "6pp": "^1.3.9"
      }
    },
    "node_modules/6pp": {
      "version": "1.3.9",
      "resolved": "https://registry.npmjs.org/6pp/-/6pp-1.3.9.tgz",
      "integrity": "sha512-QriIHxWkCaKQTiOQIOMGxt7YUeWdv8GV3g4rzCOndJ/snMeXONrB865pHtSC3N4vxTM8vrRR5GKOdlmHWeBMzQ==",
      "license": "ISC",
      "peerDependencies": {
        "react": ">=18.0.0"
      }
    }
  }
}
